
Microsoft Visual Studio Solution File, Format Version 12.00
# Visual Studio Version 17
VisualStudioVersion = 17.0.31903.59
MinimumVisualStudioVersion = 10.0.40219.1
Project("{2150E333-8FDC-42A3-9474-1A3956D46DE8}") = "src", "src", "{827E0CD3-B72D-47B6-A68D-7590B98EB39B}"
EndProject
Project("{FAE04EC0-301F-11D3-BF4B-00C04F79EFBC}") = "AutoRemediator.Agents", "src\AutoRemediator.Agents\AutoRemediator.Agents.csproj", "{7EFCF114-40E8-4497-BEDF-4C068AF8FD9E}"
EndProject
Project("{FAE04EC0-301F-11D3-BF4B-00C04F79EFBC}") = "AutoRemediator.Api", "src\AutoRemediator.Api\AutoRemediator.Api.csproj", "{8D5FF703-6AB1-4210-A77C-039850DC2CC9}"
EndProject
Project("{FAE04EC0-301F-11D3-BF4B-00C04F79EFBC}") = "AutoRemediator.AppHost", "src\AutoRemediator.AppHost\AutoRemediator.AppHost.csproj", "{147622E8-3234-4954-AA3F-140EA8206227}"
EndProject
Project("{FAE04EC0-301F-11D3-BF4B-00C04F79EFBC}") = "AutoRemediator.Contracts", "src\AutoRemediator.Contracts\AutoRemediator.Contracts.csproj", "{0E8FA3A5-D8F8-4FA0-8089-72678CE185FD}"
EndProject
Project("{FAE04EC0-301F-11D3-BF4B-00C04F79EFBC}") = "AutoRemediator.Domain", "src\AutoRemediator.Domain\AutoRemediator.Domain.csproj", "{FFB534CF-88A4-4802-99FF-D3C4BD12B139}"
EndProject
Project("{FAE04EC0-301F-11D3-BF4B-00C04F79EFBC}") = "AutoRemediator.Infrastructure", "src\AutoRemediator.Infrastructure\AutoRemediator.Infrastructure.csproj", "{C1E0F0F4-1A5E-4DD8-A7B0-D54F2ACB16C6}"
EndProject
Project("{FAE04EC0-301F-11D3-BF4B-00C04F79EFBC}") = "AutoRemediator.ServiceDefaults", "src\AutoRemediator.ServiceDefaults\AutoRemediator.ServiceDefaults.csproj", "{55B9A65C-81C2-40F6-8798-F068D0E908AC}"
EndProject
Project("{FAE04EC0-301F-11D3-BF4B-00C04F79EFBC}") = "AutoRemediator.Shared", "src\AutoRemediator.Shared\AutoRemediator.Shared.csproj", "{84E05D2D-E747-4A80-A57A-0B55CCCF027A}"
EndProject
Project("{FAE04EC0-301F-11D3-BF4B-00C04F79EFBC}") = "AutoRemediator.Web", "src\AutoRemediator.Web\AutoRemediator.Web.csproj", "{E138BDAD-7006-48D4-A2C1-BC56DE5F32E4}"
EndProject
Project("{FAE04EC0-301F-11D3-BF4B-00C04F79EFBC}") = "AutoRemediator.Web.Client", "src\AutoRemediator.Web.Client\AutoRemediator.Web.Client.csproj", "{7E4F78F2-AD9D-462F-B6FC-9B54530AEB19}"
EndProject
Project("{FAE04EC0-301F-11D3-BF4B-00C04F79EFBC}") = "AutoRemediator.Worker.Remediation", "src\AutoRemediator.Worker.Remediation\AutoRemediator.Worker.Remediation.csproj", "{5FA29AD6-BF08-43A3-A8CB-C31F2A2513B4}"
EndProject
Project("{FAE04EC0-301F-11D3-BF4B-00C04F79EFBC}") = "AutoRemediator.Worker.Scheduler", "src\AutoRemediator.Worker.Scheduler\AutoRemediator.Worker.Scheduler.csproj", "{4A69D721-B51D-4AAE-A56B-C6FD8965CC08}"
EndProject
Project("{2150E333-8FDC-42A3-9474-1A3956D46DE8}") = "tests", "tests", "{0AB3BF05-4346-4AA6-1389-037BE0695223}"
EndProject
Project("{FAE04EC0-301F-11D3-BF4B-00C04F79EFBC}") = "AutoRemediator.Agents.Tests", "tests\AutoRemediator.Agents.Tests\AutoRemediator.Agents.Tests.csproj", "{846A8C5E-4F37-4A44-A511-35E856945E5A}"
EndProject
Project("{FAE04EC0-301F-11D3-BF4B-00C04F79EFBC}") = "AutoRemediator.Api.Tests", "tests\AutoRemediator.Api.Tests\AutoRemediator.Api.Tests.csproj", "{9DAC8B28-0B1F-4C97-91B0-A9FDB0A68E70}"
EndProject
Project("{FAE04EC0-301F-11D3-BF4B-00C04F79EFBC}") = "AutoRemediator.Domain.Tests", "tests\AutoRemediator.Domain.Tests\AutoRemediator.Domain.Tests.csproj", "{C8E659AD-E501-4F5F-993F-39DA91F3CD30}"
EndProject
Project("{FAE04EC0-301F-11D3-BF4B-00C04F79EFBC}") = "AutoRemediator.Infrastructure.Tests", "tests\AutoRemediator.Infrastructure.Tests\AutoRemediator.Infrastructure.Tests.csproj", "{7041FA5A-0ED5-4784-B6F6-3FC4ADD35CC5}"
EndProject
Project("{FAE04EC0-301F-11D3-BF4B-00C04F79EFBC}") = "AutoRemediator.Web.FunctionalTests", "tests\AutoRemediator.Web.FunctionalTests\AutoRemediator.Web.FunctionalTests.csproj", "{03340347-E742-4A6E-85E8-43698012F4FF}"
EndProject
Project("{FAE04EC0-301F-11D3-BF4B-00C04F79EFBC}") = "AutoRemediator.Workers.Tests", "tests\AutoRemediator.Workers.Tests\AutoRemediator.Workers.Tests.csproj", "{E44FCF6D-516C-4951-8BB7-19A7A72593E8}"
EndProject
Global
	GlobalSection(SolutionConfigurationPlatforms) = preSolution
		Debug|Any CPU = Debug|Any CPU
		Debug|x64 = Debug|x64
		Debug|x86 = Debug|x86
		Release|Any CPU = Release|Any CPU
		Release|x64 = Release|x64
		Release|x86 = Release|x86
	EndGlobalSection
	GlobalSection(ProjectConfigurationPlatforms) = postSolution
		{7EFCF114-40E8-4497-BEDF-4C068AF8FD9E}.Debug|Any CPU.ActiveCfg = Debug|Any CPU
		{7EFCF114-40E8-4497-BEDF-4C068AF8FD9E}.Debug|Any CPU.Build.0 = Debug|Any CPU
		{7EFCF114-40E8-4497-BEDF-4C068AF8FD9E}.Debug|x64.ActiveCfg = Debug|Any CPU
		{7EFCF114-40E8-4497-BEDF-4C068AF8FD9E}.Debug|x64.Build.0 = Debug|Any CPU
		{7EFCF114-40E8-4497-BEDF-4C068AF8FD9E}.Debug|x86.ActiveCfg = Debug|Any CPU
		{7EFCF114-40E8-4497-BEDF-4C068AF8FD9E}.Debug|x86.Build.0 = Debug|Any CPU
		{7EFCF114-40E8-4497-BEDF-4C068AF8FD9E}.Release|Any CPU.ActiveCfg = Release|Any CPU
		{7EFCF114-40E8-4497-BEDF-4C068AF8FD9E}.Release|Any CPU.Build.0 = Release|Any CPU
		{7EFCF114-40E8-4497-BEDF-4C068AF8FD9E}.Release|x64.ActiveCfg = Release|Any CPU
		{7EFCF114-40E8-4497-BEDF-4C068AF8FD9E}.Release|x64.Build.0 = Release|Any CPU
		{7EFCF114-40E8-4497-BEDF-4C068AF8FD9E}.Release|x86.ActiveCfg = Release|Any CPU
		{7EFCF114-40E8-4497-BEDF-4C068AF8FD9E}.Release|x86.Build.0 = Release|Any CPU
		{8D5FF703-6AB1-4210-A77C-039850DC2CC9}.Debug|Any CPU.ActiveCfg = Debug|Any CPU
		{8D5FF703-6AB1-4210-A77C-039850DC2CC9}.Debug|Any CPU.Build.0 = Debug|Any CPU
		{8D5FF703-6AB1-4210-A77C-039850DC2CC9}.Debug|x64.ActiveCfg = Debug|Any CPU
		{8D5FF703-6AB1-4210-A77C-039850DC2CC9}.Debug|x64.Build.0 = Debug|Any CPU
		{8D5FF703-6AB1-4210-A77C-039850DC2CC9}.Debug|x86.ActiveCfg = Debug|Any CPU
		{8D5FF703-6AB1-4210-A77C-039850DC2CC9}.Debug|x86.Build.0 = Debug|Any CPU
		{8D5FF703-6AB1-4210-A77C-039850DC2CC9}.Release|Any CPU.ActiveCfg = Release|Any CPU
		{8D5FF703-6AB1-4210-A77C-039850DC2CC9}.Release|Any CPU.Build.0 = Release|Any CPU
		{8D5FF703-6AB1-4210-A77C-039850DC2CC9}.Release|x64.ActiveCfg = Release|Any CPU
		{8D5FF703-6AB1-4210-A77C-039850DC2CC9}.Release|x64.Build.0 = Release|Any CPU
		{8D5FF703-6AB1-4210-A77C-039850DC2CC9}.Release|x86.ActiveCfg = Release|Any CPU
		{8D5FF703-6AB1-4210-A77C-039850DC2CC9}.Release|x86.Build.0 = Release|Any CPU
		{147622E8-3234-4954-AA3F-140EA8206227}.Debug|Any CPU.ActiveCfg = Debug|Any CPU
		{147622E8-3234-4954-AA3F-140EA8206227}.Debug|Any CPU.Build.0 = Debug|Any CPU
		{147622E8-3234-4954-AA3F-140EA8206227}.Debug|x64.ActiveCfg = Debug|Any CPU
		{147622E8-3234-4954-AA3F-140EA8206227}.Debug|x64.Build.0 = Debug|Any CPU
		{147622E8-3234-4954-AA3F-140EA8206227}.Debug|x86.ActiveCfg = Debug|Any CPU
		{147622E8-3234-4954-AA3F-140EA8206227}.Debug|x86.Build.0 = Debug|Any CPU
		{147622E8-3234-4954-AA3F-140EA8206227}.Release|Any CPU.ActiveCfg = Release|Any CPU
		{147622E8-3234-4954-AA3F-140EA8206227}.Release|Any CPU.Build.0 = Release|Any CPU
		{147622E8-3234-4954-AA3F-140EA8206227}.Release|x64.ActiveCfg = Release|Any CPU
		{147622E8-3234-4954-AA3F-140EA8206227}.Release|x64.Build.0 = Release|Any CPU
		{147622E8-3234-4954-AA3F-140EA8206227}.Release|x86.ActiveCfg = Release|Any CPU
		{147622E8-3234-4954-AA3F-140EA8206227}.Release|x86.Build.0 = Release|Any CPU
		{0E8FA3A5-D8F8-4FA0-8089-72678CE185FD}.Debug|Any CPU.ActiveCfg = Debug|Any CPU
		{0E8FA3A5-D8F8-4FA0-8089-72678CE185FD}.Debug|Any CPU.Build.0 = Debug|Any CPU
		{0E8FA3A5-D8F8-4FA0-8089-72678CE185FD}.Debug|x64.ActiveCfg = Debug|Any CPU
		{0E8FA3A5-D8F8-4FA0-8089-72678CE185FD}.Debug|x64.Build.0 = Debug|Any CPU
		{0E8FA3A5-D8F8-4FA0-8089-72678CE185FD}.Debug|x86.ActiveCfg = Debug|Any CPU
		{0E8FA3A5-D8F8-4FA0-8089-72678CE185FD}.Debug|x86.Build.0 = Debug|Any CPU
		{0E8FA3A5-D8F8-4FA0-8089-72678CE185FD}.Release|Any CPU.ActiveCfg = Release|Any CPU
		{0E8FA3A5-D8F8-4FA0-8089-72678CE185FD}.Release|Any CPU.Build.0 = Release|Any CPU
		{0E8FA3A5-D8F8-4FA0-8089-72678CE185FD}.Release|x64.ActiveCfg = Release|Any CPU
		{0E8FA3A5-D8F8-4FA0-8089-72678CE185FD}.Release|x64.Build.0 = Release|Any CPU
		{0E8FA3A5-D8F8-4FA0-8089-72678CE185FD}.Release|x86.ActiveCfg = Release|Any CPU
		{0E8FA3A5-D8F8-4FA0-8089-72678CE185FD}.Release|x86.Build.0 = Release|Any CPU
		{FFB534CF-88A4-4802-99FF-D3C4BD12B139}.Debug|Any CPU.ActiveCfg = Debug|Any CPU
		{FFB534CF-88A4-4802-99FF-D3C4BD12B139}.Debug|Any CPU.Build.0 = Debug|Any CPU
		{FFB534CF-88A4-4802-99FF-D3C4BD12B139}.Debug|x64.ActiveCfg = Debug|Any CPU
		{FFB534CF-88A4-4802-99FF-D3C4BD12B139}.Debug|x64.Build.0 = Debug|Any CPU
		{FFB534CF-88A4-4802-99FF-D3C4BD12B139}.Debug|x86.ActiveCfg = Debug|Any CPU
		{FFB534CF-88A4-4802-99FF-D3C4BD12B139}.Debug|x86.Build.0 = Debug|Any CPU
		{FFB534CF-88A4-4802-99FF-D3C4BD12B139}.Release|Any CPU.ActiveCfg = Release|Any CPU
		{FFB534CF-88A4-4802-99FF-D3C4BD12B139}.Release|Any CPU.Build.0 = Release|Any CPU
		{FFB534CF-88A4-4802-99FF-D3C4BD12B139}.Release|x64.ActiveCfg = Release|Any CPU
		{FFB534CF-88A4-4802-99FF-D3C4BD12B139}.Release|x64.Build.0 = Release|Any CPU
		{FFB534CF-88A4-4802-99FF-D3C4BD12B139}.Release|x86.ActiveCfg = Release|Any CPU
		{FFB534CF-88A4-4802-99FF-D3C4BD12B139}.Release|x86.Build.0 = Release|Any CPU
		{C1E0F0F4-1A5E-4DD8-A7B0-D54F2ACB16C6}.Debug|Any CPU.ActiveCfg = Debug|Any CPU
		{C1E0F0F4-1A5E-4DD8-A7B0-D54F2ACB16C6}.Debug|Any CPU.Build.0 = Debug|Any CPU
		{C1E0F0F4-1A5E-4DD8-A7B0-D54F2ACB16C6}.Debug|x64.ActiveCfg = Debug|Any CPU
		{C1E0F0F4-1A5E-4DD8-A7B0-D54F2ACB16C6}.Debug|x64.Build.0 = Debug|Any CPU
		{C1E0F0F4-1A5E-4DD8-A7B0-D54F2ACB16C6}.Debug|x86.ActiveCfg = Debug|Any CPU
		{C1E0F0F4-1A5E-4DD8-A7B0-D54F2ACB16C6}.Debug|x86.Build.0 = Debug|Any CPU
		{C1E0F0F4-1A5E-4DD8-A7B0-D54F2ACB16C6}.Release|Any CPU.ActiveCfg = Release|Any CPU
		{C1E0F0F4-1A5E-4DD8-A7B0-D54F2ACB16C6}.Release|Any CPU.Build.0 = Release|Any CPU
		{C1E0F0F4-1A5E-4DD8-A7B0-D54F2ACB16C6}.Release|x64.ActiveCfg = Release|Any CPU
		{C1E0F0F4-1A5E-4DD8-A7B0-D54F2ACB16C6}.Release|x64.Build.0 = Release|Any CPU
		{C1E0F0F4-1A5E-4DD8-A7B0-D54F2ACB16C6}.Release|x86.ActiveCfg = Release|Any CPU
		{C1E0F0F4-1A5E-4DD8-A7B0-D54F2ACB16C6}.Release|x86.Build.0 = Release|Any CPU
		{55B9A65C-81C2-40F6-8798-F068D0E908AC}.Debug|Any CPU.ActiveCfg = Debug|Any CPU
		{55B9A65C-81C2-40F6-8798-F068D0E908AC}.Debug|Any CPU.Build.0 = Debug|Any CPU
		{55B9A65C-81C2-40F6-8798-F068D0E908AC}.Debug|x64.ActiveCfg = Debug|Any CPU
		{55B9A65C-81C2-40F6-8798-F068D0E908AC}.Debug|x64.Build.0 = Debug|Any CPU
		{55B9A65C-81C2-40F6-8798-F068D0E908AC}.Debug|x86.ActiveCfg = Debug|Any CPU
		{55B9A65C-81C2-40F6-8798-F068D0E908AC}.Debug|x86.Build.0 = Debug|Any CPU
		{55B9A65C-81C2-40F6-8798-F068D0E908AC}.Release|Any CPU.ActiveCfg = Release|Any CPU
		{55B9A65C-81C2-40F6-8798-F068D0E908AC}.Release|Any CPU.Build.0 = Release|Any CPU
		{55B9A65C-81C2-40F6-8798-F068D0E908AC}.Release|x64.ActiveCfg = Release|Any CPU
		{55B9A65C-81C2-40F6-8798-F068D0E908AC}.Release|x64.Build.0 = Release|Any CPU
		{55B9A65C-81C2-40F6-8798-F068D0E908AC}.Release|x86.ActiveCfg = Release|Any CPU
		{55B9A65C-81C2-40F6-8798-F068D0E908AC}.Release|x86.Build.0 = Release|Any CPU
		{84E05D2D-E747-4A80-A57A-0B55CCCF027A}.Debug|Any CPU.ActiveCfg = Debug|Any CPU
		{84E05D2D-E747-4A80-A57A-0B55CCCF027A}.Debug|Any CPU.Build.0 = Debug|Any CPU
		{84E05D2D-E747-4A80-A57A-0B55CCCF027A}.Debug|x64.ActiveCfg = Debug|Any CPU
		{84E05D2D-E747-4A80-A57A-0B55CCCF027A}.Debug|x64.Build.0 = Debug|Any CPU
		{84E05D2D-E747-4A80-A57A-0B55CCCF027A}.Debug|x86.ActiveCfg = Debug|Any CPU
		{84E05D2D-E747-4A80-A57A-0B55CCCF027A}.Debug|x86.Build.0 = Debug|Any CPU
		{84E05D2D-E747-4A80-A57A-0B55CCCF027A}.Release|Any CPU.ActiveCfg = Release|Any CPU
		{84E05D2D-E747-4A80-A57A-0B55CCCF027A}.Release|Any CPU.Build.0 = Release|Any CPU
		{84E05D2D-E747-4A80-A57A-0B55CCCF027A}.Release|x64.ActiveCfg = Release|Any CPU
		{84E05D2D-E747-4A80-A57A-0B55CCCF027A}.Release|x64.Build.0 = Release|Any CPU
		{84E05D2D-E747-4A80-A57A-0B55CCCF027A}.Release|x86.ActiveCfg = Release|Any CPU
		{84E05D2D-E747-4A80-A57A-0B55CCCF027A}.Release|x86.Build.0 = Release|Any CPU
		{E138BDAD-7006-48D4-A2C1-BC56DE5F32E4}.Debug|Any CPU.ActiveCfg = Debug|Any CPU
		{E138BDAD-7006-48D4-A2C1-BC56DE5F32E4}.Debug|Any CPU.Build.0 = Debug|Any CPU
		{E138BDAD-7006-48D4-A2C1-BC56DE5F32E4}.Debug|x64.ActiveCfg = Debug|Any CPU
		{E138BDAD-7006-48D4-A2C1-BC56DE5F32E4}.Debug|x64.Build.0 = Debug|Any CPU
		{E138BDAD-7006-48D4-A2C1-BC56DE5F32E4}.Debug|x86.ActiveCfg = Debug|Any CPU
		{E138BDAD-7006-48D4-A2C1-BC56DE5F32E4}.Debug|x86.Build.0 = Debug|Any CPU
		{E138BDAD-7006-48D4-A2C1-BC56DE5F32E4}.Release|Any CPU.ActiveCfg = Release|Any CPU
		{E138BDAD-7006-48D4-A2C1-BC56DE5F32E4}.Release|Any CPU.Build.0 = Release|Any CPU
		{E138BDAD-7006-48D4-A2C1-BC56DE5F32E4}.Release|x64.ActiveCfg = Release|Any CPU
		{E138BDAD-7006-48D4-A2C1-BC56DE5F32E4}.Release|x64.Build.0 = Release|Any CPU
		{E138BDAD-7006-48D4-A2C1-BC56DE5F32E4}.Release|x86.ActiveCfg = Release|Any CPU
		{E138BDAD-7006-48D4-A2C1-BC56DE5F32E4}.Release|x86.Build.0 = Release|Any CPU
		{7E4F78F2-AD9D-462F-B6FC-9B54530AEB19}.Debug|Any CPU.ActiveCfg = Debug|Any CPU
		{7E4F78F2-AD9D-462F-B6FC-9B54530AEB19}.Debug|Any CPU.Build.0 = Debug|Any CPU
		{7E4F78F2-AD9D-462F-B6FC-9B54530AEB19}.Debug|x64.ActiveCfg = Debug|Any CPU
		{7E4F78F2-AD9D-462F-B6FC-9B54530AEB19}.Debug|x64.Build.0 = Debug|Any CPU
		{7E4F78F2-AD9D-462F-B6FC-9B54530AEB19}.Debug|x86.ActiveCfg = Debug|Any CPU
		{7E4F78F2-AD9D-462F-B6FC-9B54530AEB19}.Debug|x86.Build.0 = Debug|Any CPU
		{7E4F78F2-AD9D-462F-B6FC-9B54530AEB19}.Release|Any CPU.ActiveCfg = Release|Any CPU
		{7E4F78F2-AD9D-462F-B6FC-9B54530AEB19}.Release|Any CPU.Build.0 = Release|Any CPU
		{7E4F78F2-AD9D-462F-B6FC-9B54530AEB19}.Release|x64.ActiveCfg = Release|Any CPU
		{7E4F78F2-AD9D-462F-B6FC-9B54530AEB19}.Release|x64.Build.0 = Release|Any CPU
		{7E4F78F2-AD9D-462F-B6FC-9B54530AEB19}.Release|x86.ActiveCfg = Release|Any CPU
		{7E4F78F2-AD9D-462F-B6FC-9B54530AEB19}.Release|x86.Build.0 = Release|Any CPU
		{5FA29AD6-BF08-43A3-A8CB-C31F2A2513B4}.Debug|Any CPU.ActiveCfg = Debug|Any CPU
		{5FA29AD6-BF08-43A3-A8CB-C31F2A2513B4}.Debug|Any CPU.Build.0 = Debug|Any CPU
		{5FA29AD6-BF08-43A3-A8CB-C31F2A2513B4}.Debug|x64.ActiveCfg = Debug|Any CPU
		{5FA29AD6-BF08-43A3-A8CB-C31F2A2513B4}.Debug|x64.Build.0 = Debug|Any CPU
		{5FA29AD6-BF08-43A3-A8CB-C31F2A2513B4}.Debug|x86.ActiveCfg = Debug|Any CPU
		{5FA29AD6-BF08-43A3-A8CB-C31F2A2513B4}.Debug|x86.Build.0 = Debug|Any CPU
		{5FA29AD6-BF08-43A3-A8CB-C31F2A2513B4}.Release|Any CPU.ActiveCfg = Release|Any CPU
		{5FA29AD6-BF08-43A3-A8CB-C31F2A2513B4}.Release|Any CPU.Build.0 = Release|Any CPU
		{5FA29AD6-BF08-43A3-A8CB-C31F2A2513B4}.Release|x64.ActiveCfg = Release|Any CPU
		{5FA29AD6-BF08-43A3-A8CB-C31F2A2513B4}.Release|x64.Build.0 = Release|Any CPU
		{5FA29AD6-BF08-43A3-A8CB-C31F2A2513B4}.Release|x86.ActiveCfg = Release|Any CPU
		{5FA29AD6-BF08-43A3-A8CB-C31F2A2513B4}.Release|x86.Build.0 = Release|Any CPU
		{4A69D721-B51D-4AAE-A56B-C6FD8965CC08}.Debug|Any CPU.ActiveCfg = Debug|Any CPU
		{4A69D721-B51D-4AAE-A56B-C6FD8965CC08}.Debug|Any CPU.Build.0 = Debug|Any CPU
		{4A69D721-B51D-4AAE-A56B-C6FD8965CC08}.Debug|x64.ActiveCfg = Debug|Any CPU
		{4A69D721-B51D-4AAE-A56B-C6FD8965CC08}.Debug|x64.Build.0 = Debug|Any CPU
		{4A69D721-B51D-4AAE-A56B-C6FD8965CC08}.Debug|x86.ActiveCfg = Debug|Any CPU
		{4A69D721-B51D-4AAE-A56B-C6FD8965CC08}.Debug|x86.Build.0 = Debug|Any CPU
		{4A69D721-B51D-4AAE-A56B-C6FD8965CC08}.Release|Any CPU.ActiveCfg = Release|Any CPU
		{4A69D721-B51D-4AAE-A56B-C6FD8965CC08}.Release|Any CPU.Build.0 = Release|Any CPU
		{4A69D721-B51D-4AAE-A56B-C6FD8965CC08}.Release|x64.ActiveCfg = Release|Any CPU
		{4A69D721-B51D-4AAE-A56B-C6FD8965CC08}.Release|x64.Build.0 = Release|Any CPU
		{4A69D721-B51D-4AAE-A56B-C6FD8965CC08}.Release|x86.ActiveCfg = Release|Any CPU
		{4A69D721-B51D-4AAE-A56B-C6FD8965CC08}.Release|x86.Build.0 = Release|Any CPU
		{846A8C5E-4F37-4A44-A511-35E856945E5A}.Debug|Any CPU.ActiveCfg = Debug|Any CPU
		{846A8C5E-4F37-4A44-A511-35E856945E5A}.Debug|Any CPU.Build.0 = Debug|Any CPU
		{846A8C5E-4F37-4A44-A511-35E856945E5A}.Debug|x64.ActiveCfg = Debug|Any CPU
		{846A8C5E-4F37-4A44-A511-35E856945E5A}.Debug|x64.Build.0 = Debug|Any CPU
		{846A8C5E-4F37-4A44-A511-35E856945E5A}.Debug|x86.ActiveCfg = Debug|Any CPU
		{846A8C5E-4F37-4A44-A511-35E856945E5A}.Debug|x86.Build.0 = Debug|Any CPU
		{846A8C5E-4F37-4A44-A511-35E856945E5A}.Release|Any CPU.ActiveCfg = Release|Any CPU
		{846A8C5E-4F37-4A44-A511-35E856945E5A}.Release|Any CPU.Build.0 = Release|Any CPU
		{846A8C5E-4F37-4A44-A511-35E856945E5A}.Release|x64.ActiveCfg = Release|Any CPU
		{846A8C5E-4F37-4A44-A511-35E856945E5A}.Release|x64.Build.0 = Release|Any CPU
		{846A8C5E-4F37-4A44-A511-35E856945E5A}.Release|x86.ActiveCfg = Release|Any CPU
		{846A8C5E-4F37-4A44-A511-35E856945E5A}.Release|x86.Build.0 = Release|Any CPU
		{9DAC8B28-0B1F-4C97-91B0-A9FDB0A68E70}.Debug|Any CPU.ActiveCfg = Debug|Any CPU
		{9DAC8B28-0B1F-4C97-91B0-A9FDB0A68E70}.Debug|Any CPU.Build.0 = Debug|Any CPU
		{9DAC8B28-0B1F-4C97-91B0-A9FDB0A68E70}.Debug|x64.ActiveCfg = Debug|Any CPU
		{9DAC8B28-0B1F-4C97-91B0-A9FDB0A68E70}.Debug|x64.Build.0 = Debug|Any CPU
		{9DAC8B28-0B1F-4C97-91B0-A9FDB0A68E70}.Debug|x86.ActiveCfg = Debug|Any CPU
		{9DAC8B28-0B1F-4C97-91B0-A9FDB0A68E70}.Debug|x86.Build.0 = Debug|Any CPU
		{9DAC8B28-0B1F-4C97-91B0-A9FDB0A68E70}.Release|Any CPU.ActiveCfg = Release|Any CPU
		{9DAC8B28-0B1F-4C97-91B0-A9FDB0A68E70}.Release|Any CPU.Build.0 = Release|Any CPU
		{9DAC8B28-0B1F-4C97-91B0-A9FDB0A68E70}.Release|x64.ActiveCfg = Release|Any CPU
		{9DAC8B28-0B1F-4C97-91B0-A9FDB0A68E70}.Release|x64.Build.0 = Release|Any CPU
		{9DAC8B28-0B1F-4C97-91B0-A9FDB0A68E70}.Release|x86.ActiveCfg = Release|Any CPU
		{9DAC8B28-0B1F-4C97-91B0-A9FDB0A68E70}.Release|x86.Build.0 = Release|Any CPU
		{C8E659AD-E501-4F5F-993F-39DA91F3CD30}.Debug|Any CPU.ActiveCfg = Debug|Any CPU
		{C8E659AD-E501-4F5F-993F-39DA91F3CD30}.Debug|Any CPU.Build.0 = Debug|Any CPU
		{C8E659AD-E501-4F5F-993F-39DA91F3CD30}.Debug|x64.ActiveCfg = Debug|Any CPU
		{C8E659AD-E501-4F5F-993F-39DA91F3CD30}.Debug|x64.Build.0 = Debug|Any CPU
		{C8E659AD-E501-4F5F-993F-39DA91F3CD30}.Debug|x86.ActiveCfg = Debug|Any CPU
		{C8E659AD-E501-4F5F-993F-39DA91F3CD30}.Debug|x86.Build.0 = Debug|Any CPU
		{C8E659AD-E501-4F5F-993F-39DA91F3CD30}.Release|Any CPU.ActiveCfg = Release|Any CPU
		{C8E659AD-E501-4F5F-993F-39DA91F3CD30}.Release|Any CPU.Build.0 = Release|Any CPU
		{C8E659AD-E501-4F5F-993F-39DA91F3CD30}.Release|x64.ActiveCfg = Release|Any CPU
		{C8E659AD-E501-4F5F-993F-39DA91F3CD30}.Release|x64.Build.0 = Release|Any CPU
		{C8E659AD-E501-4F5F-993F-39DA91F3CD30}.Release|x86.ActiveCfg = Release|Any CPU
		{C8E659AD-E501-4F5F-993F-39DA91F3CD30}.Release|x86.Build.0 = Release|Any CPU
		{7041FA5A-0ED5-4784-B6F6-3FC4ADD35CC5}.Debug|Any CPU.ActiveCfg = Debug|Any CPU
		{7041FA5A-0ED5-4784-B6F6-3FC4ADD35CC5}.Debug|Any CPU.Build.0 = Debug|Any CPU
		{7041FA5A-0ED5-4784-B6F6-3FC4ADD35CC5}.Debug|x64.ActiveCfg = Debug|Any CPU
		{7041FA5A-0ED5-4784-B6F6-3FC4ADD35CC5}.Debug|x64.Build.0 = Debug|Any CPU
		{7041FA5A-0ED5-4784-B6F6-3FC4ADD35CC5}.Debug|x86.ActiveCfg = Debug|Any CPU
		{7041FA5A-0ED5-4784-B6F6-3FC4ADD35CC5}.Debug|x86.Build.0 = Debug|Any CPU
		{7041FA5A-0ED5-4784-B6F6-3FC4ADD35CC5}.Release|Any CPU.ActiveCfg = Release|Any CPU
		{7041FA5A-0ED5-4784-B6F6-3FC4ADD35CC5}.Release|Any CPU.Build.0 = Release|Any CPU
		{7041FA5A-0ED5-4784-B6F6-3FC4ADD35CC5}.Release|x64.ActiveCfg = Release|Any CPU
		{7041FA5A-0ED5-4784-B6F6-3FC4ADD35CC5}.Release|x64.Build.0 = Release|Any CPU
		{7041FA5A-0ED5-4784-B6F6-3FC4ADD35CC5}.Release|x86.ActiveCfg = Release|Any CPU
		{7041FA5A-0ED5-4784-B6F6-3FC4ADD35CC5}.Release|x86.Build.0 = Release|Any CPU
		{03340347-E742-4A6E-85E8-43698012F4FF}.Debug|Any CPU.ActiveCfg = Debug|Any CPU
		{03340347-E742-4A6E-85E8-43698012F4FF}.Debug|Any CPU.Build.0 = Debug|Any CPU
		{03340347-E742-4A6E-85E8-43698012F4FF}.Debug|x64.ActiveCfg = Debug|Any CPU
		{03340347-E742-4A6E-85E8-43698012F4FF}.Debug|x64.Build.0 = Debug|Any CPU
		{03340347-E742-4A6E-85E8-43698012F4FF}.Debug|x86.ActiveCfg = Debug|Any CPU
		{03340347-E742-4A6E-85E8-43698012F4FF}.Debug|x86.Build.0 = Debug|Any CPU
		{03340347-E742-4A6E-85E8-43698012F4FF}.Release|Any CPU.ActiveCfg = Release|Any CPU
		{03340347-E742-4A6E-85E8-43698012F4FF}.Release|Any CPU.Build.0 = Release|Any CPU
		{03340347-E742-4A6E-85E8-43698012F4FF}.Release|x64.ActiveCfg = Release|Any CPU
		{03340347-E742-4A6E-85E8-43698012F4FF}.Release|x64.Build.0 = Release|Any CPU
		{03340347-E742-4A6E-85E8-43698012F4FF}.Release|x86.ActiveCfg = Release|Any CPU
		{03340347-E742-4A6E-85E8-43698012F4FF}.Release|x86.Build.0 = Release|Any CPU
		{E44FCF6D-516C-4951-8BB7-19A7A72593E8}.Debug|Any CPU.ActiveCfg = Debug|Any CPU
		{E44FCF6D-516C-4951-8BB7-19A7A72593E8}.Debug|Any CPU.Build.0 = Debug|Any CPU
		{E44FCF6D-516C-4951-8BB7-19A7A72593E8}.Debug|x64.ActiveCfg = Debug|Any CPU
		{E44FCF6D-516C-4951-8BB7-19A7A72593E8}.Debug|x64.Build.0 = Debug|Any CPU
		{E44FCF6D-516C-4951-8BB7-19A7A72593E8}.Debug|x86.ActiveCfg = Debug|Any CPU
		{E44FCF6D-516C-4951-8BB7-19A7A72593E8}.Debug|x86.Build.0 = Debug|Any CPU
		{E44FCF6D-516C-4951-8BB7-19A7A72593E8}.Release|Any CPU.ActiveCfg = Release|Any CPU
		{E44FCF6D-516C-4951-8BB7-19A7A72593E8}.Release|Any CPU.Build.0 = Release|Any CPU
		{E44FCF6D-516C-4951-8BB7-19A7A72593E8}.Release|x64.ActiveCfg = Release|Any CPU
		{E44FCF6D-516C-4951-8BB7-19A7A72593E8}.Release|x64.Build.0 = Release|Any CPU
		{E44FCF6D-516C-4951-8BB7-19A7A72593E8}.Release|x86.ActiveCfg = Release|Any CPU
		{E44FCF6D-516C-4951-8BB7-19A7A72593E8}.Release|x86.Build.0 = Release|Any CPU
	EndGlobalSection
	GlobalSection(SolutionProperties) = preSolution
		HideSolutionNode = FALSE
	EndGlobalSection
	GlobalSection(NestedProjects) = preSolution
		{7EFCF114-40E8-4497-BEDF-4C068AF8FD9E} = {827E0CD3-B72D-47B6-A68D-7590B98EB39B}
		{8D5FF703-6AB1-4210-A77C-039850DC2CC9} = {827E0CD3-B72D-47B6-A68D-7590B98EB39B}
		{147622E8-3234-4954-AA3F-140EA8206227} = {827E0CD3-B72D-47B6-A68D-7590B98EB39B}
		{0E8FA3A5-D8F8-4FA0-8089-72678CE185FD} = {827E0CD3-B72D-47B6-A68D-7590B98EB39B}
		{FFB534CF-88A4-4802-99FF-D3C4BD12B139} = {827E0CD3-B72D-47B6-A68D-7590B98EB39B}
		{C1E0F0F4-1A5E-4DD8-A7B0-D54F2ACB16C6} = {827E0CD3-B72D-47B6-A68D-7590B98EB39B}
		{55B9A65C-81C2-40F6-8798-F068D0E908AC} = {827E0CD3-B72D-47B6-A68D-7590B98EB39B}
		{84E05D2D-E747-4A80-A57A-0B55CCCF027A} = {827E0CD3-B72D-47B6-A68D-7590B98EB39B}
		{E138BDAD-7006-48D4-A2C1-BC56DE5F32E4} = {827E0CD3-B72D-47B6-A68D-7590B98EB39B}
		{7E4F78F2-AD9D-462F-B6FC-9B54530AEB19} = {827E0CD3-B72D-47B6-A68D-7590B98EB39B}
		{5FA29AD6-BF08-43A3-A8CB-C31F2A2513B4} = {827E0CD3-B72D-47B6-A68D-7590B98EB39B}
		{4A69D721-B51D-4AAE-A56B-C6FD8965CC08} = {827E0CD3-B72D-47B6-A68D-7590B98EB39B}
		{846A8C5E-4F37-4A44-A511-35E856945E5A} = {0AB3BF05-4346-4AA6-1389-037BE0695223}
		{9DAC8B28-0B1F-4C97-91B0-A9FDB0A68E70} = {0AB3BF05-4346-4AA6-1389-037BE0695223}
		{C8E659AD-E501-4F5F-993F-39DA91F3CD30} = {0AB3BF05-4346-4AA6-1389-037BE0695223}
		{7041FA5A-0ED5-4784-B6F6-3FC4ADD35CC5} = {0AB3BF05-4346-4AA6-1389-037BE0695223}
		{03340347-E742-4A6E-85E8-43698012F4FF} = {0AB3BF05-4346-4AA6-1389-037BE0695223}
		{E44FCF6D-516C-4951-8BB7-19A7A72593E8} = {0AB3BF05-4346-4AA6-1389-037BE0695223}
	EndGlobalSection
EndGlobal
